lockfileVersion: '9.0'

settings:
  autoInstallPeers: true
  excludeLinksFromLockfile: false

importers:

  .:
    dependencies:
      '@duneanalytics/client-sdk':
        specifier: ^0.2.5
        version: 0.2.5

packages:

  '@duneanalytics/client-sdk@0.2.5':
    resolution: {integrity: sha512-ftE9sLIuzcxX0g9nhOA0pN/uxTvPwa88CVXpgU2sSRGnN43Kb5ZuaexetVNcNidapdIV95bWW+VpnoSvpMJUXw==}

  deprecated@0.0.2:
    resolution: {integrity: sha512-vt7tvBJtDu1pmn8HTUc/Q3lSkrgah4Tl5IbbBzqu33jcPQlihAGAO9yD4ubfhFh/xyXD+HbUX1Dg6PwnARWxag==}
    engines: {node: '>= 0.9'}

  loglevel@1.9.2:
    resolution: {integrity: sha512-HgMmCqIJSAKqo68l0rS2AanEWfkxaZ5wNiEFb5ggm08lDs9Xl2KxBlX3PTcaD2chBM1gXAYf491/M2Rv8Jwayg==}
    engines: {node: '>= 0.6.0'}

snapshots:

  '@duneanalytics/client-sdk@0.2.5':
    dependencies:
      deprecated: 0.0.2
      loglevel: 1.9.2

  deprecated@0.0.2: {}

  loglevel@1.9.2: {}
